
Microsoft Visual Studio Solution File, Format Version 12.00
# Visual Studio 14
VisualStudioVersion = 14.0.23107.0
MinimumVisualStudioVersion = 10.0.40219.1
Project("{FAE04EC0-301F-11D3-BF4B-00C04F79EFBC}") = "Bosel.App", "Bosel.App\Bosel.App.csproj", "{DD0B3F96-3EF5-48CD-B295-800E457E9553}"
EndProject
Project("{FAE04EC0-301F-11D3-BF4B-00C04F79EFBC}") = "Bosel.Edition", "Bosel.Edition\Bosel.Edition.csproj", "{6C0FC2BA-362A-4148-83ED-AE830B4FACE5}"
EndProject
Project("{FAE04EC0-301F-11D3-BF4B-00C04F79EFBC}") = "Utils", "Utils\Utils.csproj", "{422C7FF8-8F48-4BE7-A112-F6179AA1F25E}"
EndProject
Project("{FAE04EC0-301F-11D3-BF4B-00C04F79EFBC}") = "Bosel.Vsto", "Bosel.Vsto\Bosel.Vsto.csproj", "{B9E0E78F-C322-48CC-93C6-D0D24B39EFD3}"
EndProject
Project("{FAE04EC0-301F-11D3-BF4B-00C04F79EFBC}") = "Bosel.Model.Common", "Bosel.Model.Common\Bosel.Model.Common.csproj", "{6C560639-86EC-49F6-ABEE-9A129C22FC1B}"
EndProject
Project("{FAE04EC0-301F-11D3-BF4B-00C04F79EFBC}") = "Bosel.Model", "Bosel.Model\Bosel.Model.csproj", "{2BA6EFBF-88AA-4E2F-9128-ED3CE973C1A0}"
EndProject
Global
	GlobalSection(SolutionConfigurationPlatforms) = preSolution
		Debug|Any CPU = Debug|Any CPU
		Release|Any CPU = Release|Any CPU
	EndGlobalSection
	GlobalSection(ProjectConfigurationPlatforms) = postSolution
		{DD0B3F96-3EF5-48CD-B295-800E457E9553}.Debug|Any CPU.ActiveCfg = Debug|Any CPU
		{DD0B3F96-3EF5-48CD-B295-800E457E9553}.Debug|Any CPU.Build.0 = Debug|Any CPU
		{DD0B3F96-3EF5-48CD-B295-800E457E9553}.Release|Any CPU.ActiveCfg = Release|Any CPU
		{DD0B3F96-3EF5-48CD-B295-800E457E9553}.Release|Any CPU.Build.0 = Release|Any CPU
		{6C0FC2BA-362A-4148-83ED-AE830B4FACE5}.Debug|Any CPU.ActiveCfg = Debug|Any CPU
		{6C0FC2BA-362A-4148-83ED-AE830B4FACE5}.Debug|Any CPU.Build.0 = Debug|Any CPU
		{6C0FC2BA-362A-4148-83ED-AE830B4FACE5}.Release|Any CPU.ActiveCfg = Release|Any CPU
		{6C0FC2BA-362A-4148-83ED-AE830B4FACE5}.Release|Any CPU.Build.0 = Release|Any CPU
		{422C7FF8-8F48-4BE7-A112-F6179AA1F25E}.Debug|Any CPU.ActiveCfg = Debug|Any CPU
		{422C7FF8-8F48-4BE7-A112-F6179AA1F25E}.Debug|Any CPU.Build.0 = Debug|Any CPU
		{422C7FF8-8F48-4BE7-A112-F6179AA1F25E}.Release|Any CPU.ActiveCfg = Release|Any CPU
		{422C7FF8-8F48-4BE7-A112-F6179AA1F25E}.Release|Any CPU.Build.0 = Release|Any CPU
		{B9E0E78F-C322-48CC-93C6-D0D24B39EFD3}.Debug|Any CPU.ActiveCfg = Debug|Any CPU
		{B9E0E78F-C322-48CC-93C6-D0D24B39EFD3}.Debug|Any CPU.Build.0 = Debug|Any CPU
		{B9E0E78F-C322-48CC-93C6-D0D24B39EFD3}.Release|Any CPU.ActiveCfg = Release|Any CPU
		{B9E0E78F-C322-48CC-93C6-D0D24B39EFD3}.Release|Any CPU.Build.0 = Release|Any CPU
		{6C560639-86EC-49F6-ABEE-9A129C22FC1B}.Debug|Any CPU.ActiveCfg = Debug|Any CPU
		{6C560639-86EC-49F6-ABEE-9A129C22FC1B}.Debug|Any CPU.Build.0 = Debug|Any CPU
		{6C560639-86EC-49F6-ABEE-9A129C22FC1B}.Release|Any CPU.ActiveCfg = Release|Any CPU
		{6C560639-86EC-49F6-ABEE-9A129C22FC1B}.Release|Any CPU.Build.0 = Release|Any CPU
		{2BA6EFBF-88AA-4E2F-9128-ED3CE973C1A0}.Debug|Any CPU.ActiveCfg = Debug|Any CPU
		{2BA6EFBF-88AA-4E2F-9128-ED3CE973C1A0}.Debug|Any CPU.Build.0 = Debug|Any CPU
		{2BA6EFBF-88AA-4E2F-9128-ED3CE973C1A0}.Release|Any CPU.ActiveCfg = Release|Any CPU
		{2BA6EFBF-88AA-4E2F-9128-ED3CE973C1A0}.Release|Any CPU.Build.0 = Release|Any CPU
	EndGlobalSection
	GlobalSection(SolutionProperties) = preSolution
		HideSolutionNode = FALSE
	EndGlobalSection
EndGlobal
